{
  "requires": true,
  "lockfileVersion": 1,
  "dependencies": {
    "jquery-contextmenu": {
      "version": "2.9.0",
      "resolved": "https://registry.npmjs.org/jquery-contextmenu/-/jquery-contextmenu-2.9.0.tgz",
      "integrity": "sha512-sn0eyBNeIa7AOdU+j3lP2YZ0bbtkrTCtkp3S7UwRf8lurPVKI/3uyOV3h/pMyJclfmO6ps5shObQTfzJiaN/OQ=="
    }
  }
}
